// !$*UTF8*$!
{
	archiveVersion = 1;
	classes = {
	};
	objectVersion = 56;
	objects = {

/* Begin PBXBuildFile section */
		C9ACFC072A9E4AAA009ACF28 /* AeroItinApp.swift in Sources */ = {isa = PBXBuildFile; fileRef = C9ACFC062A9E4AAA009ACF28 /* AeroItinApp.swift */; };
		C9ACFC092A9E4AAA009ACF28 /* ContentView.swift in Sources */ = {isa = PBXBuildFile; fileRef = C9ACFC082A9E4AAA009ACF28 /* ContentView.swift */; };
		C9ACFC0B2A9E4AAB009ACF28 /* Assets.xcassets in Resources */ = {isa = PBXBuildFile; fileRef = C9ACFC0A2A9E4AAB009ACF28 /* Assets.xcassets */; };
		C9ACFC0F2A9E4AAB009ACF28 /* Preview Assets.xcassets in Resources */ = {isa = PBXBuildFile; fileRef = C9ACFC0E2A9E4AAB009ACF28 /* Preview Assets.xcassets */; };
		C9ACFC192A9E4AAB009ACF28 /* AeroItinTests.swift in Sources */ = {isa = PBXBuildFile; fileRef = C9ACFC182A9E4AAB009ACF28 /* AeroItinTests.swift */; };
		C9ACFC232A9E4AAB009ACF28 /* AeroItinUITests.swift in Sources */ = {isa = PBXBuildFile; fileRef = C9ACFC222A9E4AAB009ACF28 /* AeroItinUITests.swift */; };
		C9ACFC252A9E4AAB009ACF28 /* AeroItinUITestsLaunchTests.swift in Sources */ = {isa = PBXBuildFile; fileRef = C9ACFC242A9E4AAB009ACF28 /* AeroItinUITestsLaunchTests.swift */; };
		C9ACFC332A9E4ACB009ACF28 /* Bidpack.swift in Sources */ = {isa = PBXBuildFile; fileRef = C9ACFC322A9E4ACB009ACF28 /* Bidpack.swift */; };
/* End PBXBuildFile section */

/* Begin PBXContainerItemProxy section */
		C9ACFC152A9E4AAB009ACF28 /* PBXContainerItemProxy */ = {
			isa = PBXContainerItemProxy;
			containerPortal = C9ACFBFB2A9E4AAA009ACF28 /* Project object */;
			proxyType = 1;
			remoteGlobalIDString = C9ACFC022A9E4AAA009ACF28;
			remoteInfo = AeroItin;
		};
		C9ACFC1F2A9E4AAB009ACF28 /* PBXContainerItemProxy */ = {
			isa = PBXContainerItemProxy;
			containerPortal = C9ACFBFB2A9E4AAA009ACF28 /* Project object */;
			proxyType = 1;
			remoteGlobalIDString = C9ACFC022A9E4AAA009ACF28;
			remoteInfo = AeroItin;
		};
/* End PBXContainerItemProxy section */

/* Begin PBXFileReference section */
		C9ACFC032A9E4AAA009ACF28 /* AeroItin.app */ = {isa = PBXFileReference; explicitFileType = wrapper.application; includeInIndex = 0; path = AeroItin.app; sourceTree = BUILT_PRODUCTS_DIR; };
		C9ACFC062A9E4AAA009ACF28 /* AeroItinApp.swift */ = {isa = PBXFileReference; lastKnownFileType = sourcecode.swift; path = AeroItinApp.swift; sourceTree = "<group>"; };
		C9ACFC082A9E4AAA009ACF28 /* ContentView.swift */ = {isa = PBXFileReference; lastKnownFileType = sourcecode.swift; path = ContentView.swift; sourceTree = "<group>"; };
		C9ACFC0A2A9E4AAB009ACF28 /* Assets.xcassets */ = {isa = PBXFileReference; lastKnownFileType = folder.assetcatalog; path = Assets.xcassets; sourceTree = "<group>"; };
		C9ACFC0C2A9E4AAB009ACF28 /* AeroItin.entitlements */ = {isa = PBXFileReference; lastKnownFileType = text.plist.entitlements; path = AeroItin.entitlements; sourceTree = "<group>"; };
		C9ACFC0E2A9E4AAB009ACF28 /* Preview Assets.xcassets */ = {isa = PBXFileReference; lastKnownFileType = folder.assetcatalog; path = "Preview Assets.xcassets"; sourceTree = "<group>"; };
		C9ACFC142A9E4AAB009ACF28 /* AeroItinTests.xctest */ = {isa = PBXFileReference; explicitFileType = wrapper.cfbundle; includeInIndex = 0; path = AeroItinTests.xctest; sourceTree = BUILT_PRODUCTS_DIR; };
		C9ACFC182A9E4AAB009ACF28 /* AeroItinTests.swift */ = {isa = PBXFileReference; lastKnownFileType = sourcecode.swift; path = AeroItinTests.swift; sourceTree = "<group>"; };
		C9ACFC1E2A9E4AAB009ACF28 /* AeroItinUITests.xctest */ = {isa = PBXFileReference; explicitFileType = wrapper.cfbundle; includeInIndex = 0; path = AeroItinUITests.xctest; sourceTree = BUILT_PRODUCTS_DIR; };
		C9ACFC222A9E4AAB009ACF28 /* AeroItinUITests.swift */ = {isa = PBXFileReference; lastKnownFileType = sourcecode.swift; path = AeroItinUITests.swift; sourceTree = "<group>"; };
		C9ACFC242A9E4AAB009ACF28 /* AeroItinUITestsLaunchTests.swift */ = {isa = PBXFileReference; lastKnownFileType = sourcecode.swift; path = AeroItinUITestsLaunchTests.swift; sourceTree = "<group>"; };
		C9ACFC322A9E4ACB009ACF28 /* Bidpack.swift */ = {isa = PBXFileReference; lastKnownFileType = sourcecode.swift; path = Bidpack.swift; sourceTree = "<group>"; };
		C9ACFC372A9E4B3A009ACF28 /* 2023_Sep_MD11_MEM_LINES.asc */ = {isa = PBXFileReference; lastKnownFileType = text; path = 2023_Sep_MD11_MEM_LINES.asc; sourceTree = "<group>"; };
/* End PBXFileReference section */

/* Begin PBXFrameworksBuildPhase section */
		C9ACFC002A9E4AAA009ACF28 /* Frameworks */ = {
			isa = PBXFrameworksBuildPhase;
			buildActionMask = 2147483647;
			files = (
			);
			runOnlyForDeploymentPostprocessing = 0;
		};
		C9ACFC112A9E4AAB009ACF28 /* Frameworks */ = {
			isa = PBXFrameworksBuildPhase;
			buildActionMask = 2147483647;
			files = (
			);
			runOnlyForDeploymentPostprocessing = 0;
		};
		C9ACFC1B2A9E4AAB009ACF28 /* Frameworks */ = {
			isa = PBXFrameworksBuildPhase;
			buildActionMask = 2147483647;
			files = (
			);
			runOnlyForDeploymentPostprocessing = 0;
		};
/* End PBXFrameworksBuildPhase section */

/* Begin PBXGroup section */
		C9ACFBFA2A9E4AAA009ACF28 = {
			isa = PBXGroup;
			children = (
				C9ACFC052A9E4AAA009ACF28 /* AeroItin */,
				C9ACFC172A9E4AAB009ACF28 /* AeroItinTests */,
				C9ACFC212A9E4AAB009ACF28 /* AeroItinUITests */,
				C9ACFC042A9E4AAA009ACF28 /* Products */,
			);
			sourceTree = "<group>";
		};
		C9ACFC042A9E4AAA009ACF28 /* Products */ = {
			isa = PBXGroup;
			children = (
				C9ACFC032A9E4AAA009ACF28 /* AeroItin.app */,
				C9ACFC142A9E4AAB009ACF28 /* AeroItinTests.xctest */,
				C9ACFC1E2A9E4AAB009ACF28 /* AeroItinUITests.xctest */,
			);
			name = Products;
			sourceTree = "<group>";
		};
		C9ACFC052A9E4AAA009ACF28 /* AeroItin */ = {
			isa = PBXGroup;
			children = (
				C9ACFC342A9E4B1B009ACF28 /* Private */,
				C9ACFC312A9E4AB7009ACF28 /* Model */,
				C9ACFC062A9E4AAA009ACF28 /* AeroItinApp.swift */,
				C9ACFC082A9E4AAA009ACF28 /* ContentView.swift */,
				C9ACFC0A2A9E4AAB009ACF28 /* Assets.xcassets */,
				C9ACFC0C2A9E4AAB009ACF28 /* AeroItin.entitlements */,
				C9ACFC0D2A9E4AAB009ACF28 /* Preview Content */,
			);
			path = AeroItin;
			sourceTree = "<group>";
		};
		C9ACFC0D2A9E4AAB009ACF28 /* Preview Content */ = {
			isa = PBXGroup;
			children = (
				C9ACFC0E2A9E4AAB009ACF28 /* Preview Assets.xcassets */,
			);
			path = "Preview Content";
			sourceTree = "<group>";
		};
		C9ACFC172A9E4AAB009ACF28 /* AeroItinTests */ = {
			isa = PBXGroup;
			children = (
				C9ACFC182A9E4AAB009ACF28 /* AeroItinTests.swift */,
			);
			path = AeroItinTests;
			sourceTree = "<group>";
		};
		C9ACFC212A9E4AAB009ACF28 /* AeroItinUITests */ = {
			isa = PBXGroup;
			children = (
				C9ACFC222A9E4AAB009ACF28 /* AeroItinUITests.swift */,
				C9ACFC242A9E4AAB009ACF28 /* AeroItinUITestsLaunchTests.swift */,
			);
			path = AeroItinUITests;
			sourceTree = "<group>";
		};
		C9ACFC312A9E4AB7009ACF28 /* Model */ = {
			isa = PBXGroup;
			children = (
				C9ACFC322A9E4ACB009ACF28 /* Bidpack.swift */,
			);
			path = Model;
			sourceTree = "<group>";
		};
		C9ACFC342A9E4B1B009ACF28 /* Private */ = {
			isa = PBXGroup;
			children = (
				C9ACFC372A9E4B3A009ACF28 /* 2023_Sep_MD11_MEM_LINES.asc */,
			);
			path = Private;
			sourceTree = "<group>";
		};
/* End PBXGroup section */

/* Begin PBXNativeTarget section */
		C9ACFC022A9E4AAA009ACF28 /* AeroItin */ = {
			isa = PBXNativeTarget;
			buildConfigurationList = C9ACFC282A9E4AAB009ACF28 /* Build configuration list for PBXNativeTarget "AeroItin" */;
			buildPhases = (
				C9ACFBFF2A9E4AAA009ACF28 /* Sources */,
				C9ACFC002A9E4AAA009ACF28 /* Frameworks */,
				C9ACFC012A9E4AAA009ACF28 /* Resources */,
			);
			buildRules = (
			);
			dependencies = (
			);
			name = AeroItin;
			productName = AeroItin;
			productReference = C9ACFC032A9E4AAA009ACF28 /* AeroItin.app */;
			productType = "com.apple.product-type.application";
		};
		C9ACFC132A9E4AAB009ACF28 /* AeroItinTests */ = {
			isa = PBXNativeTarget;
			buildConfigurationList = C9ACFC2B2A9E4AAB009ACF28 /* Build configuration list for PBXNativeTarget "AeroItinTests" */;
			buildPhases = (
				C9ACFC102A9E4AAB009ACF28 /* Sources */,
				C9ACFC112A9E4AAB009ACF28 /* Frameworks */,
				C9ACFC122A9E4AAB009ACF28 /* Resources */,
			);
			buildRules = (
			);
			dependencies = (
				C9ACFC162A9E4AAB009ACF28 /* PBXTargetDependency */,
			);
			name = AeroItinTests;
			productName = AeroItinTests;
			productReference = C9ACFC142A9E4AAB009ACF28 /* AeroItinTests.xctest */;
			productType = "com.apple.product-type.bundle.unit-test";
		};
		C9ACFC1D2A9E4AAB009ACF28 /* AeroItinUITests */ = {
			isa = PBXNativeTarget;
			buildConfigurationList = C9ACFC2E2A9E4AAB009ACF28 /* Build configuration list for PBXNativeTarget "AeroItinUITests" */;
			buildPhases = (
				C9ACFC1A2A9E4AAB009ACF28 /* Sources */,
				C9ACFC1B2A9E4AAB009ACF28 /* Frameworks */,
				C9ACFC1C2A9E4AAB009ACF28 /* Resources */,
			);
			buildRules = (
			);
			dependencies = (
				C9ACFC202A9E4AAB009ACF28 /* PBXTargetDependency */,
			);
			name = AeroItinUITests;
			productName = AeroItinUITests;
			productReference = C9ACFC1E2A9E4AAB009ACF28 /* AeroItinUITests.xctest */;
			productType = "com.apple.product-type.bundle.ui-testing";
		};
/* End PBXNativeTarget section */

/* Begin PBXProject section */
		C9ACFBFB2A9E4AAA009ACF28 /* Project object */ = {
			isa = PBXProject;
			attributes = {
				BuildIndependentTargetsInParallel = 1;
				LastSwiftUpdateCheck = 1430;
				LastUpgradeCheck = 1430;
				TargetAttributes = {
					C9ACFC022A9E4AAA009ACF28 = {
						CreatedOnToolsVersion = 14.3.1;
					};
					C9ACFC132A9E4AAB009ACF28 = {
						CreatedOnToolsVersion = 14.3.1;
						TestTargetID = C9ACFC022A9E4AAA009ACF28;
					};
					C9ACFC1D2A9E4AAB009ACF28 = {
						CreatedOnToolsVersion = 14.3.1;
						TestTargetID = C9ACFC022A9E4AAA009ACF28;
					};
				};
			};
			buildConfigurationList = C9ACFBFE2A9E4AAA009ACF28 /* Build configuration list for PBXProject "AeroItin" */;
			compatibilityVersion = "Xcode 14.0";
			developmentRegion = en;
			hasScannedForEncodings = 0;
			knownRegions = (
				en,
				Base,
			);
			mainGroup = C9ACFBFA2A9E4AAA009ACF28;
			productRefGroup = C9ACFC042A9E4AAA009ACF28 /* Products */;
			projectDirPath = "";
			projectRoot = "";
			targets = (
				C9ACFC022A9E4AAA009ACF28 /* AeroItin */,
				C9ACFC132A9E4AAB009ACF28 /* AeroItinTests */,
				C9ACFC1D2A9E4AAB009ACF28 /* AeroItinUITests */,
			);
		};
/* End PBXProject section */

/* Begin PBXResourcesBuildPhase section */
		C9ACFC012A9E4AAA009ACF28 /* Resources */ = {
			isa = PBXResourcesBuildPhase;
			buildActionMask = 2147483647;
			files = (
				C9ACFC0F2A9E4AAB009ACF28 /* Preview Assets.xcassets in Resources */,
				C9ACFC0B2A9E4AAB009ACF28 /* Assets.xcassets in Resources */,
			);
			runOnlyForDeploymentPostprocessing = 0;
		};
		C9ACFC122A9E4AAB009ACF28 /* Resources */ = {
			isa = PBXResourcesBuildPhase;
			buildActionMask = 2147483647;
			files = (
			);
			runOnlyForDeploymentPostprocessing = 0;
		};
		C9ACFC1C2A9E4AAB009ACF28 /* Resources */ = {
			isa = PBXResourcesBuildPhase;
			buildActionMask = 2147483647;
			files = (
			);
			runOnlyForDeploymentPostprocessing = 0;
		};
/* End PBXResourcesBuildPhase section */

/* Begin PBXSourcesBuildPhase section */
		C9ACFBFF2A9E4AAA009ACF28 /* Sources */ = {
			isa = PBXSourcesBuildPhase;
			buildActionMask = 2147483647;
			files = (
				C9ACFC092A9E4AAA009ACF28 /* ContentView.swift in Sources */,
				C9ACFC332A9E4ACB009ACF28 /* Bidpack.swift in Sources */,
				C9ACFC072A9E4AAA009ACF28 /* AeroItinApp.swift in Sources */,
			);
			runOnlyForDeploymentPostprocessing = 0;
		};
		C9ACFC102A9E4AAB009ACF28 /* Sources */ = {
			isa = PBXSourcesBuildPhase;
			buildActionMask = 2147483647;
			files = (
				C9ACFC192A9E4AAB009ACF28 /* AeroItinTests.swift in Sources */,
			);
			runOnlyForDeploymentPostprocessing = 0;
		};
		C9ACFC1A2A9E4AAB009ACF28 /* Sources */ = {
			isa = PBXSourcesBuildPhase;
			buildActionMask = 2147483647;
			files = (
				C9ACFC252A9E4AAB009ACF28 /* AeroItinUITestsLaunchTests.swift in Sources */,
				C9ACFC232A9E4AAB009ACF28 /* AeroItinUITests.swift in Sources */,
			);
			runOnlyForDeploymentPostprocessing = 0;
		};
/* End PBXSourcesBuildPhase section */

/* Begin PBXTargetDependency section */
		C9ACFC162A9E4AAB009ACF28 /* PBXTargetDependency */ = {
			isa = PBXTargetDependency;
			target = C9ACFC022A9E4AAA009ACF28 /* AeroItin */;
			targetProxy = C9ACFC152A9E4AAB009ACF28 /* PBXContainerItemProxy */;
		};
		C9ACFC202A9E4AAB009ACF28 /* PBXTargetDependency */ = {
			isa = PBXTargetDependency;
			target = C9ACFC022A9E4AAA009ACF28 /* AeroItin */;
			targetProxy = C9ACFC1F2A9E4AAB009ACF28 /* PBXContainerItemProxy */;
		};
/* End PBXTargetDependency section */

/* Begin XCBuildConfiguration section */
		C9ACFC262A9E4AAB009ACF28 /* Debug */ = {
			isa = XCBuildConfiguration;
			buildSettings = {
				ALWAYS_SEARCH_USER_PATHS = NO;
				CLANG_ANALYZER_NONNULL = YES;
				CLANG_ANALYZER_NUMBER_OBJECT_CONVERSION = YES_AGGRESSIVE;
				CLANG_CXX_LANGUAGE_STANDARD = "gnu++20";
				CLANG_ENABLE_MODULES = YES;
				CLANG_ENABLE_OBJC_ARC = YES;
				CLANG_ENABLE_OBJC_WEAK = YES;
				CLANG_WARN_BLOCK_CAPTURE_AUTORELEASING = YES;
				CLANG_WARN_BOOL_CONVERSION = YES;
				CLANG_WARN_COMMA = YES;
				CLANG_WARN_CONSTANT_CONVERSION = YES;
				CLANG_WARN_DEPRECATED_OBJC_IMPLEMENTATIONS = YES;
				CLANG_WARN_DIRECT_OBJC_ISA_USAGE = YES_ERROR;
				CLANG_WARN_DOCUMENTATION_COMMENTS = YES;
				CLANG_WARN_EMPTY_BODY = YES;
				CLANG_WARN_ENUM_CONVERSION = YES;
				CLANG_WARN_INFINITE_RECURSION = YES;
				CLANG_WARN_INT_CONVERSION = YES;
				CLANG_WARN_NON_LITERAL_NULL_CONVERSION = YES;
				CLANG_WARN_OBJC_IMPLICIT_RETAIN_SELF = YES;
				CLANG_WARN_OBJC_LITERAL_CONVERSION = YES;
				CLANG_WARN_OBJC_ROOT_CLASS = YES_ERROR;
				CLANG_WARN_QUOTED_INCLUDE_IN_FRAMEWORK_HEADER = YES;
				CLANG_WARN_RANGE_LOOP_ANALYSIS = YES;
				CLANG_WARN_STRICT_PROTOTYPES = YES;
				CLANG_WARN_SUSPICIOUS_MOVE = YES;
				CLANG_WARN_UNGUARDED_AVAILABILITY = YES_AGGRESSIVE;
				CLANG_WARN_UNREACHABLE_CODE = YES;
				CLANG_WARN__DUPLICATE_METHOD_MATCH = YES;
				COPY_PHASE_STRIP = NO;
				DEBUG_INFORMATION_FORMAT = dwarf;
				ENABLE_STRICT_OBJC_MSGSEND = YES;
				ENABLE_TESTABILITY = YES;
				GCC_C_LANGUAGE_STANDARD = gnu11;
				GCC_DYNAMIC_NO_PIC = NO;
				GCC_NO_COMMON_BLOCKS = YES;
				GCC_OPTIMIZATION_LEVEL = 0;
				GCC_PREPROCESSOR_DEFINITIONS = (
					"DEBUG=1",
					"$(inherited)",
				);
				GCC_WARN_64_TO_32_BIT_CONVERSION = YES;
				GCC_WARN_ABOUT_RETURN_TYPE = YES_ERROR;
				GCC_WARN_UNDECLARED_SELECTOR = YES;
				GCC_WARN_UNINITIALIZED_AUTOS = YES_AGGRESSIVE;
				GCC_WARN_UNUSED_FUNCTION = YES;
				GCC_WARN_UNUSED_VARIABLE = YES;
				MTL_ENABLE_DEBUG_INFO = INCLUDE_SOURCE;
				MTL_FAST_MATH = YES;
				ONLY_ACTIVE_ARCH = YES;
				SWIFT_ACTIVE_COMPILATION_CONDITIONS = DEBUG;
				SWIFT_OPTIMIZATION_LEVEL = "-Onone";
			};
			name = Debug;
		};
		C9ACFC272A9E4AAB009ACF28 /* Release */ = {
			isa = XCBuildConfiguration;
			buildSettings = {
				ALWAYS_SEARCH_USER_PATHS = NO;
				CLANG_ANALYZER_NONNULL = YES;
				CLANG_ANALYZER_NUMBER_OBJECT_CONVERSION = YES_AGGRESSIVE;
				CLANG_CXX_LANGUAGE_STANDARD = "gnu++20";
				CLANG_ENABLE_MODULES = YES;
				CLANG_ENABLE_OBJC_ARC = YES;
				CLANG_ENABLE_OBJC_WEAK = YES;
				CLANG_WARN_BLOCK_CAPTURE_AUTORELEASING = YES;
				CLANG_WARN_BOOL_CONVERSION = YES;
				CLANG_WARN_COMMA = YES;
				CLANG_WARN_CONSTANT_CONVERSION = YES;
				CLANG_WARN_DEPRECATED_OBJC_IMPLEMENTATIONS = YES;
				CLANG_WARN_DIRECT_OBJC_ISA_USAGE = YES_ERROR;
				CLANG_WARN_DOCUMENTATION_COMMENTS = YES;
				CLANG_WARN_EMPTY_BODY = YES;
				CLANG_WARN_ENUM_CONVERSION = YES;
				CLANG_WARN_INFINITE_RECURSION = YES;
				CLANG_WARN_INT_CONVERSION = YES;
				CLANG_WARN_NON_LITERAL_NULL_CONVERSION = YES;
				CLANG_WARN_OBJC_IMPLICIT_RETAIN_SELF = YES;
				CLANG_WARN_OBJC_LITERAL_CONVERSION = YES;
				CLANG_WARN_OBJC_ROOT_CLASS = YES_ERROR;
				CLANG_WARN_QUOTED_INCLUDE_IN_FRAMEWORK_HEADER = YES;
				CLANG_WARN_RANGE_LOOP_ANALYSIS = YES;
				CLANG_WARN_STRICT_PROTOTYPES = YES;
				CLANG_WARN_SUSPICIOUS_MOVE = YES;
				CLANG_WARN_UNGUARDED_AVAILABILITY = YES_AGGRESSIVE;
				CLANG_WARN_UNREACHABLE_CODE = YES;
				CLANG_WARN__DUPLICATE_METHOD_MATCH = YES;
				COPY_PHASE_STRIP = NO;
				DEBUG_INFORMATION_FORMAT = "dwarf-with-dsym";
				ENABLE_NS_ASSERTIONS = NO;
				ENABLE_STRICT_OBJC_MSGSEND = YES;
				GCC_C_LANGUAGE_STANDARD = gnu11;
				GCC_NO_COMMON_BLOCKS = YES;
				GCC_WARN_64_TO_32_BIT_CONVERSION = YES;
				GCC_WARN_ABOUT_RETURN_TYPE = YES_ERROR;
				GCC_WARN_UNDECLARED_SELECTOR = YES;
				GCC_WARN_UNINITIALIZED_AUTOS = YES_AGGRESSIVE;
				GCC_WARN_UNUSED_FUNCTION = YES;
				GCC_WARN_UNUSED_VARIABLE = YES;
				MTL_ENABLE_DEBUG_INFO = NO;
				MTL_FAST_MATH = YES;
				SWIFT_COMPILATION_MODE = wholemodule;
				SWIFT_OPTIMIZATION_LEVEL = "-O";
			};
			name = Release;
		};
		C9ACFC292A9E4AAB009ACF28 /* Debug */ = {
			isa = XCBuildConfiguration;
			buildSettings = {
				ASSETCATALOG_COMPILER_APPICON_NAME = AppIcon;
				ASSETCATALOG_COMPILER_GLOBAL_ACCENT_COLOR_NAME = AccentColor;
				CODE_SIGN_ENTITLEMENTS = AeroItin/AeroItin.entitlements;
				CODE_SIGN_STYLE = Automatic;
				CURRENT_PROJECT_VERSION = 1;
				DEVELOPMENT_ASSET_PATHS = "\"AeroItin/Preview Content\"";
				DEVELOPMENT_TEAM = CQ33476CK4;
				ENABLE_HARDENED_RUNTIME = YES;
				ENABLE_PREVIEWS = YES;
				GENERATE_INFOPLIST_FILE = YES;
				"INFOPLIST_KEY_UIApplicationSceneManifest_Generation[sdk=iphoneos*]" = YES;
				"INFOPLIST_KEY_UIApplicationSceneManifest_Generation[sdk=iphonesimulator*]" = YES;
				"INFOPLIST_KEY_UIApplicationSupportsIndirectInputEvents[sdk=iphoneos*]" = YES;
				"INFOPLIST_KEY_UIApplicationSupportsIndirectInputEvents[sdk=iphonesimulator*]" = YES;
				"INFOPLIST_KEY_UILaunchScreen_Generation[sdk=iphoneos*]" = YES;
				"INFOPLIST_KEY_UILaunchScreen_Generation[sdk=iphonesimulator*]" = YES;
				"INFOPLIST_KEY_UIStatusBarStyle[sdk=iphoneos*]" = UIStatusBarStyleDefault;
				"INFOPLIST_KEY_UIStatusBarStyle[sdk=iphonesimulator*]" = UIStatusBarStyleDefault;
				INFOPLIST_KEY_UISupportedInterfaceOrientations_iPad = "UIInterfaceOrientationPortrait UIInterfaceOrientationPortraitUpsideDown UIInterfaceOrientationLandscapeLeft UIInterfaceOrientationLandscapeRight";
				INFOPLIST_KEY_UISupportedInterfaceOrientations_iPhone = "UIInterfaceOrientationPortrait UIInterfaceOrientationLandscapeLeft UIInterfaceOrientationLandscapeRight";
				IPHONEOS_DEPLOYMENT_TARGET = 16.4;
				LD_RUNPATH_SEARCH_PATHS = "@executable_path/Frameworks";
				"LD_RUNPATH_SEARCH_PATHS[sdk=macosx*]" = "@executable_path/../Frameworks";
				MACOSX_DEPLOYMENT_TARGET = 13.3;
				MARKETING_VERSION = 1.0;
				PRODUCT_BUNDLE_IDENTIFIER = net.stepbrief.AeroItin;
				PRODUCT_NAME = "$(TARGET_NAME)";
				SDKROOT = auto;
				SUPPORTED_PLATFORMS = "iphoneos iphonesimulator macosx";
				SWIFT_EMIT_LOC_STRINGS = YES;
				SWIFT_VERSION = 5.0;
				TARGETED_DEVICE_FAMILY = "1,2";
			};
			name = Debug;
		};
		C9ACFC2A2A9E4AAB009ACF28 /* Release */ = {
			isa = XCBuildConfiguration;
			buildSettings = {
				ASSETCATALOG_COMPILER_APPICON_NAME = AppIcon;
				ASSETCATALOG_COMPILER_GLOBAL_ACCENT_COLOR_NAME = AccentColor;
				CODE_SIGN_ENTITLEMENTS = AeroItin/AeroItin.entitlements;
				CODE_SIGN_STYLE = Automatic;
				CURRENT_PROJECT_VERSION = 1;
				DEVELOPMENT_ASSET_PATHS = "\"AeroItin/Preview Content\"";
				DEVELOPMENT_TEAM = CQ33476CK4;
				ENABLE_HARDENED_RUNTIME = YES;
				ENABLE_PREVIEWS = YES;
				GENERATE_INFOPLIST_FILE = YES;
				"INFOPLIST_KEY_UIApplicationSceneManifest_Generation[sdk=iphoneos*]" = YES;
				"INFOPLIST_KEY_UIApplicationSceneManifest_Generation[sdk=iphonesimulator*]" = YES;
				"INFOPLIST_KEY_UIApplicationSupportsIndirectInputEvents[sdk=iphoneos*]" = YES;
				"INFOPLIST_KEY_UIApplicationSupportsIndirectInputEvents[sdk=iphonesimulator*]" = YES;
				"INFOPLIST_KEY_UILaunchScreen_Generation[sdk=iphoneos*]" = YES;
				"INFOPLIST_KEY_UILaunchScreen_Generation[sdk=iphonesimulator*]" = YES;
				"INFOPLIST_KEY_UIStatusBarStyle[sdk=iphoneos*]" = UIStatusBarStyleDefault;
				"INFOPLIST_KEY_UIStatusBarStyle[sdk=iphonesimulator*]" = UIStatusBarStyleDefault;
				INFOPLIST_KEY_UISupportedInterfaceOrientations_iPad = "UIInterfaceOrientationPortrait UIInterfaceOrientationPortraitUpsideDown UIInterfaceOrientationLandscapeLeft UIInterfaceOrientationLandscapeRight";
				INFOPLIST_KEY_UISupportedInterfaceOrientations_iPhone = "UIInterfaceOrientationPortrait UIInterfaceOrientationLandscapeLeft UIInterfaceOrientationLandscapeRight";
				IPHONEOS_DEPLOYMENT_TARGET = 16.4;
				LD_RUNPATH_SEARCH_PATHS = "@executable_path/Frameworks";
				"LD_RUNPATH_SEARCH_PATHS[sdk=macosx*]" = "@executable_path/../Frameworks";
				MACOSX_DEPLOYMENT_TARGET = 13.3;
				MARKETING_VERSION = 1.0;
				PRODUCT_BUNDLE_IDENTIFIER = net.stepbrief.AeroItin;
				PRODUCT_NAME = "$(TARGET_NAME)";
				SDKROOT = auto;
				SUPPORTED_PLATFORMS = "iphoneos iphonesimulator macosx";
				SWIFT_EMIT_LOC_STRINGS = YES;
				SWIFT_VERSION = 5.0;
				TARGETED_DEVICE_FAMILY = "1,2";
			};
			name = Release;
		};
		C9ACFC2C2A9E4AAB009ACF28 /* Debug */ = {
			isa = XCBuildConfiguration;
			buildSettings = {
				ALWAYS_EMBED_SWIFT_STANDARD_LIBRARIES = YES;
				BUNDLE_LOADER = "$(TEST_HOST)";
				CODE_SIGN_STYLE = Automatic;
				CURRENT_PROJECT_VERSION = 1;
				DEVELOPMENT_TEAM = CQ33476CK4;
				GENERATE_INFOPLIST_FILE = YES;
				IPHONEOS_DEPLOYMENT_TARGET = 16.4;
				MACOSX_DEPLOYMENT_TARGET = 13.3;
				MARKETING_VERSION = 1.0;
				PRODUCT_BUNDLE_IDENTIFIER = net.stepbrief.AeroItinTests;
				PRODUCT_NAME = "$(TARGET_NAME)";
				SDKROOT = auto;
				SUPPORTED_PLATFORMS = "iphoneos iphonesimulator macosx";
				SWIFT_EMIT_LOC_STRINGS = NO;
				SWIFT_VERSION = 5.0;
				TARGETED_DEVICE_FAMILY = "1,2";
				TEST_HOST = "$(BUILT_PRODUCTS_DIR)/AeroItin.app/$(BUNDLE_EXECUTABLE_FOLDER_PATH)/AeroItin";
			};
			name = Debug;
		};
		C9ACFC2D2A9E4AAB009ACF28 /* Release */ = {
			isa = XCBuildConfiguration;
			buildSettings = {
				ALWAYS_EMBED_SWIFT_STANDARD_LIBRARIES = YES;
				BUNDLE_LOADER = "$(TEST_HOST)";
				CODE_SIGN_STYLE = Automatic;
				CURRENT_PROJECT_VERSION = 1;
				DEVELOPMENT_TEAM = CQ33476CK4;
				GENERATE_INFOPLIST_FILE = YES;
				IPHONEOS_DEPLOYMENT_TARGET = 16.4;
				MACOSX_DEPLOYMENT_TARGET = 13.3;
				MARKETING_VERSION = 1.0;
				PRODUCT_BUNDLE_IDENTIFIER = net.stepbrief.AeroItinTests;
				PRODUCT_NAME = "$(TARGET_NAME)";
				SDKROOT = auto;
				SUPPORTED_PLATFORMS = "iphoneos iphonesimulator macosx";
				SWIFT_EMIT_LOC_STRINGS = NO;
				SWIFT_VERSION = 5.0;
				TARGETED_DEVICE_FAMILY = "1,2";
				TEST_HOST = "$(BUILT_PRODUCTS_DIR)/AeroItin.app/$(BUNDLE_EXECUTABLE_FOLDER_PATH)/AeroItin";
			};
			name = Release;
		};
		C9ACFC2F2A9E4AAB009ACF28 /* Debug */ = {
			isa = XCBuildConfiguration;
			buildSettings = {
				ALWAYS_EMBED_SWIFT_STANDARD_LIBRARIES = YES;
				CODE_SIGN_STYLE = Automatic;
				CURRENT_PROJECT_VERSION = 1;
				DEVELOPMENT_TEAM = CQ33476CK4;
				GENERATE_INFOPLIST_FILE = YES;
				IPHONEOS_DEPLOYMENT_TARGET = 16.4;
				MACOSX_DEPLOYMENT_TARGET = 13.3;
				MARKETING_VERSION = 1.0;
				PRODUCT_BUNDLE_IDENTIFIER = net.stepbrief.AeroItinUITests;
				PRODUCT_NAME = "$(TARGET_NAME)";
				SDKROOT = auto;
				SUPPORTED_PLATFORMS = "iphoneos iphonesimulator macosx";
				SWIFT_EMIT_LOC_STRINGS = NO;
				SWIFT_VERSION = 5.0;
				TARGETED_DEVICE_FAMILY = "1,2";
				TEST_TARGET_NAME = AeroItin;
			};
			name = Debug;
		};
		C9ACFC302A9E4AAB009ACF28 /* Release */ = {
			isa = XCBuildConfiguration;
			buildSettings = {
				ALWAYS_EMBED_SWIFT_STANDARD_LIBRARIES = YES;
				CODE_SIGN_STYLE = Automatic;
				CURRENT_PROJECT_VERSION = 1;
				DEVELOPMENT_TEAM = CQ33476CK4;
				GENERATE_INFOPLIST_FILE = YES;
				IPHONEOS_DEPLOYMENT_TARGET = 16.4;
				MACOSX_DEPLOYMENT_TARGET = 13.3;
				MARKETING_VERSION = 1.0;
				PRODUCT_BUNDLE_IDENTIFIER = net.stepbrief.AeroItinUITests;
				PRODUCT_NAME = "$(TARGET_NAME)";
				SDKROOT = auto;
				SUPPORTED_PLATFORMS = "iphoneos iphonesimulator macosx";
				SWIFT_EMIT_LOC_STRINGS = NO;
				SWIFT_VERSION = 5.0;
				TARGETED_DEVICE_FAMILY = "1,2";
				TEST_TARGET_NAME = AeroItin;
			};
			name = Release;
		};
/* End XCBuildConfiguration section */

/* Begin XCConfigurationList section */
		C9ACFBFE2A9E4AAA009ACF28 /* Build configuration list for PBXProject "AeroItin" */ = {
			isa = XCConfigurationList;
			buildConfigurations = (
				C9ACFC262A9E4AAB009ACF28 /* Debug */,
				C9ACFC272A9E4AAB009ACF28 /* Release */,
			);
			defaultConfigurationIsVisible = 0;
			defaultConfigurationName = Release;
		};
		C9ACFC282A9E4AAB009ACF28 /* Build configuration list for PBXNativeTarget "AeroItin" */ = {
			isa = XCConfigurationList;
			buildConfigurations = (
				C9ACFC292A9E4AAB009ACF28 /* Debug */,
				C9ACFC2A2A9E4AAB009ACF28 /* Release */,
			);
			defaultConfigurationIsVisible = 0;
			defaultConfigurationName = Release;
		};
		C9ACFC2B2A9E4AAB009ACF28 /* Build configuration list for PBXNativeTarget "AeroItinTests" */ = {
			isa = XCConfigurationList;
			buildConfigurations = (
				C9ACFC2C2A9E4AAB009ACF28 /* Debug */,
				C9ACFC2D2A9E4AAB009ACF28 /* Release */,
			);
			defaultConfigurationIsVisible = 0;
			defaultConfigurationName = Release;
		};
		C9ACFC2E2A9E4AAB009ACF28 /* Build configuration list for PBXNativeTarget "AeroItinUITests" */ = {
			isa = XCConfigurationList;
			buildConfigurations = (
				C9ACFC2F2A9E4AAB009ACF28 /* Debug */,
				C9ACFC302A9E4AAB009ACF28 /* Release */,
			);
			defaultConfigurationIsVisible = 0;
			defaultConfigurationName = Release;
		};
/* End XCConfigurationList section */
	};
	rootObject = C9ACFBFB2A9E4AAA009ACF28 /* Project object */;
}
